<?xml version="1.0" encoding="utf-8"?>
<Project ToolsVersion="4.0" xmlns="http://schemas.microsoft.com/developer/msbuild/2003">
  <ItemGroup>
    <Filter Include="Source Files">
      <UniqueIdentifier>{4FC737F1-C7A5-4376-A066-2A32D752A2FF}</UniqueIdentifier>
      <Extensions>cpp;c;cc;cxx;c++;cppm;ixx;def;odl;idl;hpj;bat;asm;asmx</Extensions>
    </Filter>
    <Filter Include="Header Files">
      <UniqueIdentifier>{93995380-89BD-4b04-88EB-625FBE52EBFB}</UniqueIdentifier>
      <Extensions>h;hh;hpp;hxx;h++;hm;inl;inc;ipp;xsd</Extensions>
    </Filter>
    <Filter Include="Resource Files">
      <UniqueIdentifier>{67DA6AB6-F800-4c08-8B7A-83BB121AAD01}</UniqueIdentifier>
      <Extensions>rc;ico;cur;bmp;dlg;rc2;rct;bin;rgs;gif;jpg;jpeg;jpe;resx;tiff;tif;png;wav;mfcribbon-ms</Extensions>
    </Filter>
  </ItemGroup>
  <ItemGroup>
    <ClCompile Include="..\camera.cpp">
      <Filter>Source Files</Filter>
    </ClCompile>
    <ClCompile Include="..\cfilesystem.cpp">
      <Filter>Source Files</Filter>
    </ClCompile>
    <ClCompile Include="..\cfontmanager.cpp">
      <Filter>Source Files</Filter>
    </ClCompile>
    <ClCompile Include="..\cgame.cpp">
      <Filter>Source Files</Filter>
    </ClCompile>
    <ClCompile Include="..\cinput.cpp">
      <Filter>Source Files</Filter>
    </ClCompile>
    <ClCompile Include="..\cmodel.cpp">
      <Filter>Source Files</Filter>
    </ClCompile>
    <ClCompile Include="..\cobject.cpp">
      <Filter>Source Files</Filter>
    </ClCompile>
    <ClCompile Include="..\cplayer.cpp">
      <Filter>Source Files</Filter>
    </ClCompile>
    <ClCompile Include="..\crenderer.cpp">
      <Filter>Source Files</Filter>
    </ClCompile>
    <ClCompile Include="..\crnd_d3d7.cpp">
      <Filter>Source Files</Filter>
    </ClCompile>
    <ClCompile Include="..\crnd_tex.cpp">
      <Filter>Source Files</Filter>
    </ClCompile>
    <ClCompile Include="..\crnd_texcontainer.cpp">
      <Filter>Source Files</Filter>
    </ClCompile>
    <ClCompile Include="..\crnd_vbuf.cpp">
      <Filter>Source Files</Filter>
    </ClCompile>
    <ClCompile Include="..\ctimer.cpp">
      <Filter>Source Files</Filter>
    </ClCompile>
    <ClCompile Include="..\cvisual_sprite.cpp">
      <Filter>Source Files</Filter>
    </ClCompile>
    <ClCompile Include="..\cwnd.cpp">
      <Filter>Source Files</Filter>
    </ClCompile>
    <ClCompile Include="..\cworld.cpp">
      <Filter>Source Files</Filter>
    </ClCompile>
    <ClCompile Include="..\main.cpp">
      <Filter>Source Files</Filter>
    </ClCompile>
    <ClCompile Include="..\cbullet.cpp">
      <Filter>Source Files</Filter>
    </ClCompile>
  </ItemGroup>
  <ItemGroup>
    <ClInclude Include="..\camera.h">
      <Filter>Header Files</Filter>
    </ClInclude>
    <ClInclude Include="..\carray.h">
      <Filter>Header Files</Filter>
    </ClInclude>
    <ClInclude Include="..\cfilesystem.h">
      <Filter>Header Files</Filter>
    </ClInclude>
    <ClInclude Include="..\cfontmanager.h">
      <Filter>Header Files</Filter>
    </ClInclude>
    <ClInclude Include="..\cgame.h">
      <Filter>Header Files</Filter>
    </ClInclude>
    <ClInclude Include="..\cinput.h">
      <Filter>Header Files</Filter>
    </ClInclude>
    <ClInclude Include="..\cmath.h">
      <Filter>Header Files</Filter>
    </ClInclude>
    <ClInclude Include="..\cmodel.h">
      <Filter>Header Files</Filter>
    </ClInclude>
    <ClInclude Include="..\cobject.h">
      <Filter>Header Files</Filter>
    </ClInclude>
    <ClInclude Include="..\cplayer.h">
      <Filter>Header Files</Filter>
    </ClInclude>
    <ClInclude Include="..\crenderer.h">
      <Filter>Header Files</Filter>
    </ClInclude>
    <ClInclude Include="..\cstr.h">
      <Filter>Header Files</Filter>
    </ClInclude>
    <ClInclude Include="..\ctimer.h">
      <Filter>Header Files</Filter>
    </ClInclude>
    <ClInclude Include="..\ctypes.h">
      <Filter>Header Files</Filter>
    </ClInclude>
    <ClInclude Include="..\cvisual_sprite.h">
      <Filter>Header Files</Filter>
    </ClInclude>
    <ClInclude Include="..\cwnd.h">
      <Filter>Header Files</Filter>
    </ClInclude>
    <ClInclude Include="..\cworld.h">
      <Filter>Header Files</Filter>
    </ClInclude>
    <ClInclude Include="..\cbullet.h">
      <Filter>Header Files</Filter>
    </ClInclude>
  </ItemGroup>
</Project>